PODS:
  - Alamofire (4.4.0)
  - AlamofireObjectMapper (4.1.0):
    - Alamofire (~> 4.1)
    - ObjectMapper (~> 2.0)
  - AMPopTip (2.1.6)
  - ASProgressPopUpView (0.9)
  - BaasBoxSDK (0.9.10)
  - BButton (4.0.2)
  - Braintree (4.8.1):
    - Braintree/Card (= 4.8.1)
    - Braintree/Core (= 4.8.1)
    - Braintree/PayPal (= 4.8.1)
    - Braintree/UI (= 4.8.1)
  - Braintree/Card (4.8.1):
    - Braintree/Core
  - Braintree/Core (4.8.1)
  - Braintree/PayPal (4.8.1):
    - Braintree/Core
    - Braintree/PayPalOneTouch
  - Braintree/PayPalDataCollector (4.8.1):
    - Braintree/Core
    - Braintree/PayPalUtils
  - Braintree/PayPalOneTouch (4.8.1):
    - Braintree/Core
    - Braintree/PayPalDataCollector
    - Braintree/PayPalUtils
  - Braintree/PayPalUtils (4.8.1)
  - Braintree/UI (4.8.1):
    - Braintree/Card
    - Braintree/Core
  - CardIO (5.4.1)
  - CocoaLumberjack/Default (3.0.0)
  - CocoaLumberjack/Extensions (3.0.0):
    - CocoaLumberjack/Default
  - CocoaLumberjack/Swift (3.0.0):
    - CocoaLumberjack/Extensions
  - Cosmos (11.0.3)
  - Crashlytics (3.8.4):
    - Fabric (~> 1.6.3)
  - DZNEmptyDataSet (1.8.1)
  - Fabric (1.6.11)
  - FBSnapshotTestCase (2.1.4):
    - FBSnapshotTestCase/SwiftSupport (= 2.1.4)
  - FBSnapshotTestCase/Core (2.1.4)
  - FBSnapshotTestCase/SwiftSupport (2.1.4):
    - FBSnapshotTestCase/Core
  - FDStackView (1.0)
  - FLAnimatedImage (1.0.12)
  - FoldingCell (2.0.5)
  - Font-Awesome-Swift (1.6.2)
  - GGLInstanceID (1.2.1)
  - Google/CloudMessaging (2.0.4):
    - GGLInstanceID (~> 1.0)
    - Google/Core
    - GoogleCloudMessaging (~> 1.0)
  - Google/Core (2.0.4):
    - GoogleInterchangeUtilities (~> 1.0)
    - GoogleNetworkingUtilities (~> 1.0)
    - GoogleSymbolUtilities (~> 1.0)
    - GoogleUtilities (~> 1.1)
  - Google/SignIn (2.0.4):
    - Google/Core
    - GoogleSignIn (~> 3.0)
  - GoogleAppUtilities (1.1.2):
    - GoogleSymbolUtilities (~> 1.1)
  - GoogleAuthUtilities (2.0.2):
    - GoogleNetworkingUtilities (~> 1.2)
    - GoogleSymbolUtilities (~> 1.1)
  - GoogleCloudMessaging (1.2.0):
    - GoogleInterchangeUtilities (~> 1.0)
    - GoogleIPhoneUtilities (~> 1.0)
    - GoogleSymbolUtilities (~> 1.0)
  - GoogleInterchangeUtilities (1.2.2):
    - GoogleSymbolUtilities (~> 1.1)
  - GoogleIPhoneUtilities (1.2.1):
    - GoogleSymbolUtilities (~> 1.0)
    - GoogleUtilities (~> 1.0)
  - GoogleMaps (2.2.0):
    - GoogleMaps/Maps (= 2.2.0)
  - GoogleMaps/Base (2.2.0)
  - GoogleMaps/Maps (2.2.0):
    - GoogleMaps/Base
  - GoogleNetworkingUtilities (1.2.2):
    - GoogleSymbolUtilities (~> 1.1)
  - GooglePlaces (2.2.0):
    - GoogleMaps/Base (= 2.2.0)
  - GoogleSignIn (3.0.0):
    - GoogleAppUtilities (~> 1.0)
    - GoogleAuthUtilities (~> 2.0)
    - GoogleNetworkingUtilities (~> 1.0)
    - GoogleUtilities (~> 1.0)
  - GoogleSymbolUtilities (1.1.2)
  - GoogleUtilities (1.3.2):
    - GoogleSymbolUtilities (~> 1.1)
  - Hue (2.0.1)
  - ImagePicker (2.0.0)
  - IQKeyboardManagerSwift (4.0.9)
  - ISHPullUp (1.0.4)
  - LaunchScreen (1.0.0)
  - Lightbox (1.0.0):
    - Hue
  - MMDrawerController (0.5.7):
    - MMDrawerController/Core (= 0.5.7)
    - MMDrawerController/MMDrawerBarButtonItem (= 0.5.7)
    - MMDrawerController/MMDrawerVisualStates (= 0.5.7)
    - MMDrawerController/Subclass (= 0.5.7)
  - MMDrawerController/Core (0.5.7)
  - MMDrawerController/MMDrawerBarButtonItem (0.5.7):
    - MMDrawerController/Core
  - MMDrawerController/MMDrawerVisualStates (0.5.7):
    - MMDrawerController/Core
  - MMDrawerController/Subclass (0.5.7):
    - MMDrawerController/Core
  - Nimble (5.0.0)
  - Nimble-Snapshots (4.4.0):
    - Nimble-Snapshots/Core (= 4.4.0)
  - Nimble-Snapshots/Core (4.4.0):
    - FBSnapshotTestCase (~> 2.0)
    - Nimble
    - Quick
  - ObjectMapper (2.2.6)
  - PINCache (2.3)
  - PINRemoteImage (2.1.4):
    - PINRemoteImage/FLAnimatedImage (= 2.1.4)
  - PINRemoteImage/Core (2.1.4):
    - PINCache (>= 2.1)
  - PINRemoteImage/FLAnimatedImage (2.1.4):
    - FLAnimatedImage (>= 1.0)
    - PINRemoteImage/Core
  - Quick (1.1.0)
  - Spring (1.0.3)
  - StepSlider (1.0.2)
  - Stripe (10.1.0)
  - SVProgressHUD (2.1.2)
  - SwiftKeychainWrapper (3.0.1)
  - SwiftyJSON (3.1.4)
  - TextFieldEffects (1.3.2)
  - XLPagerTabStrip (6.0.0)

DEPENDENCIES:
  - Alamofire (~> 4.0)
  - AlamofireObjectMapper (~> 4.0)
  - AMPopTip
  - ASProgressPopUpView
  - BaasBoxSDK
  - BButton
  - Braintree
  - CardIO
  - CocoaLumberjack/Swift (from `https://github.com/CocoaLumberjack/CocoaLumberjack`, branch `swift_3`)
  - Cosmos (~> 11.0)
  - Crashlytics
  - DZNEmptyDataSet
  - Fabric
  - FDStackView (~> 1.0)
  - FoldingCell
  - Font-Awesome-Swift (~> 1.6.2)
  - Google/CloudMessaging
  - Google/SignIn
  - GoogleMaps
  - GooglePlaces
  - ImagePicker
  - IQKeyboardManagerSwift
  - ISHPullUp
  - LaunchScreen
  - Lightbox
  - MMDrawerController (~> 0.5.7)
  - Nimble (~> 5.0.0)
  - Nimble-Snapshots
  - PINRemoteImage
  - Quick
  - Spring (from `https://github.com/MengTo/Spring.git`, branch `swift3`)
  - StepSlider
  - Stripe
  - SVProgressHUD
  - SwiftKeychainWrapper
  - SwiftyJSON
  - TextFieldEffects
  - XLPagerTabStrip (~> 6.0)

EXTERNAL SOURCES:
  CocoaLumberjack:
    :branch: swift_3
    :git: https://github.com/CocoaLumberjack/CocoaLumberjack
  Spring:
    :branch: swift3
    :git: https://github.com/MengTo/Spring.git

CHECKOUT OPTIONS:
  CocoaLumberjack:
    :commit: 17936dcf48f858933bd791a05aff911be8bb68ba
    :git: https://github.com/CocoaLumberjack/CocoaLumberjack
  Spring:
    :commit: 8201b5c93bd7ebdf4cd18160bcde1e6e88c2be64
    :git: https://github.com/MengTo/Spring.git

SPEC CHECKSUMS:
  Alamofire: dc44b1600b800eb63da6a19039a0083d62a6a62d
  AlamofireObjectMapper: 435adc82f5b367679bd9e71c4974a54efd0b2521
  AMPopTip: 81f57556ae12500d30ff595078b1b6d11076ced8
  ASProgressPopUpView: dfe44c9a0313ac93a8092bd361b59f52c83a7560
  BaasBoxSDK: c2e9d7eab522f08147e75b8de270015d0d27114e
  BButton: ab0f2ed3b998ae73c5188b57d270d81e4a1eeb27
  Braintree: 9e63eeb60d34f54fa1aa8f3d75fe3976927c06d5
  CardIO: 56983b39b62f495fc6dae9ad7cf875143df06443
  CocoaLumberjack: 0d0a04bbec1e5d9c58d311750e42c85fc51a84ef
  Cosmos: eb506859929f4add2d2aec822a27efb2f718a95d
  Crashlytics: 79e236942ca1e7fc641df1feb9a275360a78ab6a
  DZNEmptyDataSet: 9525833b9e68ac21c30253e1d3d7076cc828eaa7
  Fabric: 5911403591946b8228ab1c51d98f1d7137e863c6
  FBSnapshotTestCase: '094f9f314decbabe373b87cc339bea235a63e07a'
  FDStackView: 3a4bbe0ce9c35e974246a585168b9da8c32213f1
  FLAnimatedImage: 4a0b56255d9b05f18b6dd7ee06871be5d3b89e31
  FoldingCell: fb189fc746e95b722a1debf8ef455006b70cae2e
  Font-Awesome-Swift: 4dc96df73b5f32aaccdee50a454c3ec253ee4977
  GGLInstanceID: 4a317044f744281b82cd03015f379899f277cad3
  Google: d536877ec602555b755cc28ce6fed104825c693c
  GoogleAppUtilities: a8a552aa74f6597f805e45b5a3962766c3134973
  GoogleAuthUtilities: ccad2e0a9284699973ff57c0dd24c3893657fda4
  GoogleCloudMessaging: f37ea14dd0f41d4d889c10b5559dd35bbfd9ac26
  GoogleInterchangeUtilities: d5bc4d88d5b661ab72f9d70c58d02ca8c27ad1f7
  GoogleIPhoneUtilities: 63f25e93a3ddcb66884d182aab3a660d98f1479b
  GoogleMaps: 104c418d61ab8a05dff06ed0784c25ea9d37da45
  GoogleNetworkingUtilities: 3edd3a8161347494f2da60ea0deddc8a472d94cb
  GooglePlaces: bca867d5e9da15384c794b945e4226848bc6e9d9
  GoogleSignIn: 3d571172b8603be39dcb1705d8217146bb76fe62
  GoogleSymbolUtilities: 631ee17048aa5e9ab133470d768ea997a5ef9b96
  GoogleUtilities: 8bbc733218aad26306f9d4a253823986110e3358
  Hue: 354caec055fdc9d38b5ef33ca2e7224721843baf
  ImagePicker: 81175d36c2852cb543cb4f5d6c19e28f3e8d90eb
  IQKeyboardManagerSwift: 2eefe6c429b86aa08bfbc1b5c891164d754adf91
  ISHPullUp: b98a286f3e85dc885a3bf20bf75853947984277d
  LaunchScreen: 964c1b844d4190be813a0dee0ee791069325f277
  Lightbox: 13f55a0a840f7945dc5ac87931564e7fe569fca9
  MMDrawerController: 7a4cf8e25596bf2434e03ce50d22a8608ddee6a1
  Nimble: 56fc9f5020effa2206de22c3dd910f4fb011b92f
  Nimble-Snapshots: e743439f26c2fa99d8f7e0d7c01c99bcb40aa6f2
  ObjectMapper: '042708195cc46c20871cbcbec0453826398273fd'
  PINCache: ce36ed282031b92fc7733ffe831f474ff80fddc2
  PINRemoteImage: 4ac4011c5caefd6befd99758e09becede05d3226
  Quick: dafc587e21eed9f4cab3249b9f9015b0b7a7f71d
  Spring: 3f02b5dc3308572ef177b3cad0fa7bbc4b0706f7
  StepSlider: 67b0c59519e253df9de599043bc76397d68310b2
  Stripe: 1c7aa951a075cced500a919d92b687b35d410705
  SVProgressHUD: c404a55d78acbeb7ebb78b76d3faf986475a6994
  SwiftKeychainWrapper: 38952a3636320ae61bad3513cadd870929de7a4a
  SwiftyJSON: c2842d878f95482ffceec5709abc3d05680c0220
  TextFieldEffects: 9e5cce561ea39c75b86e9d3637601727a67e8b23
  XLPagerTabStrip: c46e802a8dcac29edbcea573de8fe920e052455b

PODFILE CHECKSUM: 5c8df24161f910d7f949b09c31de70705fa7915f

COCOAPODS: 1.2.0.beta.1
